
Microsoft Visual Studio Solution File, Format Version 12.00
# Visual Studio 14
VisualStudioVersion = 14.0.25420.1
MinimumVisualStudioVersion = 10.0.40219.1
Project("{FAE04EC0-301F-11D3-BF4B-00C04F79EFBC}") = "szemetgyujtes", "szemetgyujtes\szemetgyujtes.csproj", "{FD86B8BB-C6C7-4045-AC6C-E5DBB1B8A40D}"
EndProject
Project("{FAE04EC0-301F-11D3-BF4B-00C04F79EFBC}") = "korositas", "korositas\korositas.csproj", "{AE774E50-4306-4FAA-B8A5-F2B2F62DB525}"
EndProject
Project("{FAE04EC0-301F-11D3-BF4B-00C04F79EFBC}") = "dispose_pelda1", "dispose_pelda1\dispose_pelda1.csproj", "{F3096FCE-E87C-4F5D-B6DB-AA4BD957FDA3}"
EndProject
Project("{FAE04EC0-301F-11D3-BF4B-00C04F79EFBC}") = "dispose_minta", "dispose_minta\dispose_minta.csproj", "{EE7A4E7D-91AE-4F0E-BA18-0A2D9CB30884}"
EndProject
Project("{FAE04EC0-301F-11D3-BF4B-00C04F79EFBC}") = "interface_minta", "interface\interface_minta.csproj", "{F817A916-258E-4A08-A087-979B66C50A6F}"
EndProject
Global
	GlobalSection(SolutionConfigurationPlatforms) = preSolution
		Debug|Any CPU = Debug|Any CPU
		Release|Any CPU = Release|Any CPU
	EndGlobalSection
	GlobalSection(ProjectConfigurationPlatforms) = postSolution
		{FD86B8BB-C6C7-4045-AC6C-E5DBB1B8A40D}.Debug|Any CPU.ActiveCfg = Debug|Any CPU
		{FD86B8BB-C6C7-4045-AC6C-E5DBB1B8A40D}.Debug|Any CPU.Build.0 = Debug|Any CPU
		{FD86B8BB-C6C7-4045-AC6C-E5DBB1B8A40D}.Release|Any CPU.ActiveCfg = Release|Any CPU
		{FD86B8BB-C6C7-4045-AC6C-E5DBB1B8A40D}.Release|Any CPU.Build.0 = Release|Any CPU
		{AE774E50-4306-4FAA-B8A5-F2B2F62DB525}.Debug|Any CPU.ActiveCfg = Debug|Any CPU
		{AE774E50-4306-4FAA-B8A5-F2B2F62DB525}.Debug|Any CPU.Build.0 = Debug|Any CPU
		{AE774E50-4306-4FAA-B8A5-F2B2F62DB525}.Release|Any CPU.ActiveCfg = Release|Any CPU
		{AE774E50-4306-4FAA-B8A5-F2B2F62DB525}.Release|Any CPU.Build.0 = Release|Any CPU
		{F3096FCE-E87C-4F5D-B6DB-AA4BD957FDA3}.Debug|Any CPU.ActiveCfg = Debug|Any CPU
		{F3096FCE-E87C-4F5D-B6DB-AA4BD957FDA3}.Debug|Any CPU.Build.0 = Debug|Any CPU
		{F3096FCE-E87C-4F5D-B6DB-AA4BD957FDA3}.Release|Any CPU.ActiveCfg = Release|Any CPU
		{F3096FCE-E87C-4F5D-B6DB-AA4BD957FDA3}.Release|Any CPU.Build.0 = Release|Any CPU
		{EE7A4E7D-91AE-4F0E-BA18-0A2D9CB30884}.Debug|Any CPU.ActiveCfg = Debug|Any CPU
		{EE7A4E7D-91AE-4F0E-BA18-0A2D9CB30884}.Debug|Any CPU.Build.0 = Debug|Any CPU
		{EE7A4E7D-91AE-4F0E-BA18-0A2D9CB30884}.Release|Any CPU.ActiveCfg = Release|Any CPU
		{EE7A4E7D-91AE-4F0E-BA18-0A2D9CB30884}.Release|Any CPU.Build.0 = Release|Any CPU
		{F817A916-258E-4A08-A087-979B66C50A6F}.Debug|Any CPU.ActiveCfg = Debug|Any CPU
		{F817A916-258E-4A08-A087-979B66C50A6F}.Debug|Any CPU.Build.0 = Debug|Any CPU
		{F817A916-258E-4A08-A087-979B66C50A6F}.Release|Any CPU.ActiveCfg = Release|Any CPU
		{F817A916-258E-4A08-A087-979B66C50A6F}.Release|Any CPU.Build.0 = Release|Any CPU
	EndGlobalSection
	GlobalSection(SolutionProperties) = preSolution
		HideSolutionNode = FALSE
	EndGlobalSection
EndGlobal
